// !$*UTF8*$!
{
	archiveVersion = 1;
	classes = {
	};
	objectVersion = 50;
	objects = {

/* Begin PBXBuildFile section */
		7F5CD262251D0AC2009D31BE /* newsApp.swift in Sources */ = {isa = PBXBuildFile; fileRef = 7F5CD24F251D0AB9009D31BE /* newsApp.swift */; };
		7F5CD263251D0AC2009D31BE /* newsApp.swift in Sources */ = {isa = PBXBuildFile; fileRef = 7F5CD24F251D0AB9009D31BE /* newsApp.swift */; };
		7F5CD264251D0AC2009D31BE /* ContentView.swift in Sources */ = {isa = PBXBuildFile; fileRef = 7F5CD250251D0AB9009D31BE /* ContentView.swift */; };
		7F5CD265251D0AC2009D31BE /* ContentView.swift in Sources */ = {isa = PBXBuildFile; fileRef = 7F5CD250251D0AB9009D31BE /* ContentView.swift */; };
		7F5CD266251D0AC2009D31BE /* Assets.xcassets in Resources */ = {isa = PBXBuildFile; fileRef = 7F5CD251251D0AC2009D31BE /* Assets.xcassets */; };
		7F5CD267251D0AC2009D31BE /* Assets.xcassets in Resources */ = {isa = PBXBuildFile; fileRef = 7F5CD251251D0AC2009D31BE /* Assets.xcassets */; };
/* End PBXBuildFile section */

/* Begin PBXFileReference section */
		7F5CD24F251D0AB9009D31BE /* newsApp.swift */ = {isa = PBXFileReference; lastKnownFileType = sourcecode.swift; path = newsApp.swift; sourceTree = "<group>"; };
		7F5CD250251D0AB9009D31BE /* ContentView.swift */ = {isa = PBXFileReference; lastKnownFileType = sourcecode.swift; path = ContentView.swift; sourceTree = "<group>"; };
		7F5CD251251D0AC2009D31BE /* Assets.xcassets */ = {isa = PBXFileReference; lastKnownFileType = folder.assetcatalog; path = Assets.xcassets; sourceTree = "<group>"; };
		7F5CD256251D0AC2009D31BE /* news.app */ = {isa = PBXFileReference; explicitFileType = wrapper.application; includeInIndex = 0; path = news.app; sourceTree = BUILT_PRODUCTS_DIR; };
		7F5CD259251D0AC2009D31BE /* Info.plist */ = {isa = PBXFileReference; lastKnownFileType = text.plist.xml; path = Info.plist; sourceTree = "<group>"; };
		7F5CD25E251D0AC2009D31BE /* news.app */ = {isa = PBXFileReference; explicitFileType = wrapper.application; includeInIndex = 0; path = news.app; sourceTree = BUILT_PRODUCTS_DIR; };
		7F5CD260251D0AC2009D31BE /* Info.plist */ = {isa = PBXFileReference; lastKnownFileType = text.plist.xml; path = Info.plist; sourceTree = "<group>"; };
		7F5CD261251D0AC2009D31BE /* macOS.entitlements */ = {isa = PBXFileReference; lastKnownFileType = text.plist.entitlements; path = macOS.entitlements; sourceTree = "<group>"; };
/* End PBXFileReference section */

/* Begin PBXFrameworksBuildPhase section */
		7F5CD253251D0AC2009D31BE /* Frameworks */ = {
			isa = PBXFrameworksBuildPhase;
			buildActionMask = 2147483647;
			files = (
			);
			runOnlyForDeploymentPostprocessing = 0;
		};
		7F5CD25B251D0AC2009D31BE /* Frameworks */ = {
			isa = PBXFrameworksBuildPhase;
			buildActionMask = 2147483647;
			files = (
			);
			runOnlyForDeploymentPostprocessing = 0;
		};
/* End PBXFrameworksBuildPhase section */

/* Begin PBXGroup section */
		7F5CD249251D0AB8009D31BE = {
			isa = PBXGroup;
			children = (
				7F5CD24E251D0AB9009D31BE /* Shared */,
				7F5CD258251D0AC2009D31BE /* iOS */,
				7F5CD25F251D0AC2009D31BE /* macOS */,
				7F5CD257251D0AC2009D31BE /* Products */,
			);
			sourceTree = "<group>";
		};
		7F5CD24E251D0AB9009D31BE /* Shared */ = {
			isa = PBXGroup;
			children = (
				7F5CD24F251D0AB9009D31BE /* newsApp.swift */,
				7F5CD250251D0AB9009D31BE /* ContentView.swift */,
				7F5CD251251D0AC2009D31BE /* Assets.xcassets */,
			);
			path = Shared;
			sourceTree = "<group>";
		};
		7F5CD257251D0AC2009D31BE /* Products */ = {
			isa = PBXGroup;
			children = (
				7F5CD256251D0AC2009D31BE /* news.app */,
				7F5CD25E251D0AC2009D31BE /* news.app */,
			);
			name = Products;
			sourceTree = "<group>";
		};
		7F5CD258251D0AC2009D31BE /* iOS */ = {
			isa = PBXGroup;
			children = (
				7F5CD259251D0AC2009D31BE /* Info.plist */,
			);
			path = iOS;
			sourceTree = "<group>";
		};
		7F5CD25F251D0AC2009D31BE /* macOS */ = {
			isa = PBXGroup;
			children = (
				7F5CD260251D0AC2009D31BE /* Info.plist */,
				7F5CD261251D0AC2009D31BE /* macOS.entitlements */,
			);
			path = macOS;
			sourceTree = "<group>";
		};
/* End PBXGroup section */

/* Begin PBXNativeTarget section */
		7F5CD255251D0AC2009D31BE /* news (iOS) */ = {
			isa = PBXNativeTarget;
			buildConfigurationList = 7F5CD26A251D0AC2009D31BE /* Build configuration list for PBXNativeTarget "news (iOS)" */;
			buildPhases = (
				7F5CD252251D0AC2009D31BE /* Sources */,
				7F5CD253251D0AC2009D31BE /* Frameworks */,
				7F5CD254251D0AC2009D31BE /* Resources */,
			);
			buildRules = (
			);
			dependencies = (
			);
			name = "news (iOS)";
			productName = "news (iOS)";
			productReference = 7F5CD256251D0AC2009D31BE /* news.app */;
			productType = "com.apple.product-type.application";
		};
		7F5CD25D251D0AC2009D31BE /* news (macOS) */ = {
			isa = PBXNativeTarget;
			buildConfigurationList = 7F5CD26D251D0AC2009D31BE /* Build configuration list for PBXNativeTarget "news (macOS)" */;
			buildPhases = (
				7F5CD25A251D0AC2009D31BE /* Sources */,
				7F5CD25B251D0AC2009D31BE /* Frameworks */,
				7F5CD25C251D0AC2009D31BE /* Resources */,
			);
			buildRules = (
			);
			dependencies = (
			);
			name = "news (macOS)";
			productName = "news (macOS)";
			productReference = 7F5CD25E251D0AC2009D31BE /* news.app */;
			productType = "com.apple.product-type.application";
		};
/* End PBXNativeTarget section */

/* Begin PBXProject section */
		7F5CD24A251D0AB8009D31BE /* Project object */ = {
			isa = PBXProject;
			attributes = {
				LastSwiftUpdateCheck = 1220;
				LastUpgradeCheck = 1220;
				TargetAttributes = {
					7F5CD255251D0AC2009D31BE = {
						CreatedOnToolsVersion = 12.2;
					};
					7F5CD25D251D0AC2009D31BE = {
						CreatedOnToolsVersion = 12.2;
					};
				};
			};
			buildConfigurationList = 7F5CD24D251D0AB8009D31BE /* Build configuration list for PBXProject "news" */;
			compatibilityVersion = "Xcode 9.3";
			developmentRegion = en;
			hasScannedForEncodings = 0;
			knownRegions = (
				en,
				Base,
			);
			mainGroup = 7F5CD249251D0AB8009D31BE;
			productRefGroup = 7F5CD257251D0AC2009D31BE /* Products */;
			projectDirPath = "";
			projectRoot = "";
			targets = (
				7F5CD255251D0AC2009D31BE /* news (iOS) */,
				7F5CD25D251D0AC2009D31BE /* news (macOS) */,
			);
		};
/* End PBXProject section */

/* Begin PBXResourcesBuildPhase section */
		7F5CD254251D0AC2009D31BE /* Resources */ = {
			isa = PBXResourcesBuildPhase;
			buildActionMask = 2147483647;
			files = (
				7F5CD266251D0AC2009D31BE /* Assets.xcassets in Resources */,
			);
			runOnlyForDeploymentPostprocessing = 0;
		};
		7F5CD25C251D0AC2009D31BE /* Resources */ = {
			isa = PBXResourcesBuildPhase;
			buildActionMask = 2147483647;
			files = (
				7F5CD267251D0AC2009D31BE /* Assets.xcassets in Resources */,
			);
			runOnlyForDeploymentPostprocessing = 0;
		};
/* End PBXResourcesBuildPhase section */

/* Begin PBXSourcesBuildPhase section */
		7F5CD252251D0AC2009D31BE /* Sources */ = {
			isa = PBXSourcesBuildPhase;
			buildActionMask = 2147483647;
			files = (
				7F5CD264251D0AC2009D31BE /* ContentView.swift in Sources */,
				7F5CD262251D0AC2009D31BE /* newsApp.swift in Sources */,
			);
			runOnlyForDeploymentPostprocessing = 0;
		};
		7F5CD25A251D0AC2009D31BE /* Sources */ = {
			isa = PBXSourcesBuildPhase;
			buildActionMask = 2147483647;
			files = (
				7F5CD265251D0AC2009D31BE /* ContentView.swift in Sources */,
				7F5CD263251D0AC2009D31BE /* newsApp.swift in Sources */,
			);
			runOnlyForDeploymentPostprocessing = 0;
		};
/* End PBXSourcesBuildPhase section */

/* Begin XCBuildConfiguration section */
		7F5CD268251D0AC2009D31BE /* Debug */ = {
			isa = XCBuildConfiguration;
			buildSettings = {
				ALWAYS_SEARCH_USER_PATHS = NO;
				CLANG_ANALYZER_NONNULL = YES;
				CLANG_ANALYZER_NUMBER_OBJECT_CONVERSION = YES_AGGRESSIVE;
				CLANG_CXX_LANGUAGE_STANDARD = "gnu++14";
				CLANG_CXX_LIBRARY = "libc++";
				CLANG_ENABLE_MODULES = YES;
				CLANG_ENABLE_OBJC_ARC = YES;
				CLANG_ENABLE_OBJC_WEAK = YES;
				CLANG_WARN_BLOCK_CAPTURE_AUTORELEASING = YES;
				CLANG_WARN_BOOL_CONVERSION = YES;
				CLANG_WARN_COMMA = YES;
				CLANG_WARN_CONSTANT_CONVERSION = YES;
				CLANG_WARN_DEPRECATED_OBJC_IMPLEMENTATIONS = YES;
				CLANG_WARN_DIRECT_OBJC_ISA_USAGE = YES_ERROR;
				CLANG_WARN_DOCUMENTATION_COMMENTS = YES;
				CLANG_WARN_EMPTY_BODY = YES;
				CLANG_WARN_ENUM_CONVERSION = YES;
				CLANG_WARN_INFINITE_RECURSION = YES;
				CLANG_WARN_INT_CONVERSION = YES;
				CLANG_WARN_NON_LITERAL_NULL_CONVERSION = YES;
				CLANG_WARN_OBJC_IMPLICIT_RETAIN_SELF = YES;
				CLANG_WARN_OBJC_LITERAL_CONVERSION = YES;
				CLANG_WARN_OBJC_ROOT_CLASS = YES_ERROR;
				CLANG_WARN_QUOTED_INCLUDE_IN_FRAMEWORK_HEADER = YES;
				CLANG_WARN_RANGE_LOOP_ANALYSIS = YES;
				CLANG_WARN_STRICT_PROTOTYPES = YES;
				CLANG_WARN_SUSPICIOUS_MOVE = YES;
				CLANG_WARN_UNGUARDED_AVAILABILITY = YES_AGGRESSIVE;
				CLANG_WARN_UNREACHABLE_CODE = YES;
				CLANG_WARN__DUPLICATE_METHOD_MATCH = YES;
				COPY_PHASE_STRIP = NO;
				DEBUG_INFORMATION_FORMAT = dwarf;
				ENABLE_STRICT_OBJC_MSGSEND = YES;
				ENABLE_TESTABILITY = YES;
				GCC_C_LANGUAGE_STANDARD = gnu11;
				GCC_DYNAMIC_NO_PIC = NO;
				GCC_NO_COMMON_BLOCKS = YES;
				GCC_OPTIMIZATION_LEVEL = 0;
				GCC_PREPROCESSOR_DEFINITIONS = (
					"DEBUG=1",
					"$(inherited)",
				);
				GCC_WARN_64_TO_32_BIT_CONVERSION = YES;
				GCC_WARN_ABOUT_RETURN_TYPE = YES_ERROR;
				GCC_WARN_UNDECLARED_SELECTOR = YES;
				GCC_WARN_UNINITIALIZED_AUTOS = YES_AGGRESSIVE;
				GCC_WARN_UNUSED_FUNCTION = YES;
				GCC_WARN_UNUSED_VARIABLE = YES;
				MTL_ENABLE_DEBUG_INFO = INCLUDE_SOURCE;
				MTL_FAST_MATH = YES;
				ONLY_ACTIVE_ARCH = YES;
				SWIFT_ACTIVE_COMPILATION_CONDITIONS = DEBUG;
				SWIFT_OPTIMIZATION_LEVEL = "-Onone";
			};
			name = Debug;
		};
		7F5CD269251D0AC2009D31BE /* Release */ = {
			isa = XCBuildConfiguration;
			buildSettings = {
				ALWAYS_SEARCH_USER_PATHS = NO;
				CLANG_ANALYZER_NONNULL = YES;
				CLANG_ANALYZER_NUMBER_OBJECT_CONVERSION = YES_AGGRESSIVE;
				CLANG_CXX_LANGUAGE_STANDARD = "gnu++14";
				CLANG_CXX_LIBRARY = "libc++";
				CLANG_ENABLE_MODULES = YES;
				CLANG_ENABLE_OBJC_ARC = YES;
				CLANG_ENABLE_OBJC_WEAK = YES;
				CLANG_WARN_BLOCK_CAPTURE_AUTORELEASING = YES;
				CLANG_WARN_BOOL_CONVERSION = YES;
				CLANG_WARN_COMMA = YES;
				CLANG_WARN_CONSTANT_CONVERSION = YES;
				CLANG_WARN_DEPRECATED_OBJC_IMPLEMENTATIONS = YES;
				CLANG_WARN_DIRECT_OBJC_ISA_USAGE = YES_ERROR;
				CLANG_WARN_DOCUMENTATION_COMMENTS = YES;
				CLANG_WARN_EMPTY_BODY = YES;
				CLANG_WARN_ENUM_CONVERSION = YES;
				CLANG_WARN_INFINITE_RECURSION = YES;
				CLANG_WARN_INT_CONVERSION = YES;
				CLANG_WARN_NON_LITERAL_NULL_CONVERSION = YES;
				CLANG_WARN_OBJC_IMPLICIT_RETAIN_SELF = YES;
				CLANG_WARN_OBJC_LITERAL_CONVERSION = YES;
				CLANG_WARN_OBJC_ROOT_CLASS = YES_ERROR;
				CLANG_WARN_QUOTED_INCLUDE_IN_FRAMEWORK_HEADER = YES;
				CLANG_WARN_RANGE_LOOP_ANALYSIS = YES;
				CLANG_WARN_STRICT_PROTOTYPES = YES;
				CLANG_WARN_SUSPICIOUS_MOVE = YES;
				CLANG_WARN_UNGUARDED_AVAILABILITY = YES_AGGRESSIVE;
				CLANG_WARN_UNREACHABLE_CODE = YES;
				CLANG_WARN__DUPLICATE_METHOD_MATCH = YES;
				COPY_PHASE_STRIP = NO;
				DEBUG_INFORMATION_FORMAT = "dwarf-with-dsym";
				ENABLE_NS_ASSERTIONS = NO;
				ENABLE_STRICT_OBJC_MSGSEND = YES;
				GCC_C_LANGUAGE_STANDARD = gnu11;
				GCC_NO_COMMON_BLOCKS = YES;
				GCC_WARN_64_TO_32_BIT_CONVERSION = YES;
				GCC_WARN_ABOUT_RETURN_TYPE = YES_ERROR;
				GCC_WARN_UNDECLARED_SELECTOR = YES;
				GCC_WARN_UNINITIALIZED_AUTOS = YES_AGGRESSIVE;
				GCC_WARN_UNUSED_FUNCTION = YES;
				GCC_WARN_UNUSED_VARIABLE = YES;
				MTL_ENABLE_DEBUG_INFO = NO;
				MTL_FAST_MATH = YES;
				SWIFT_COMPILATION_MODE = wholemodule;
				SWIFT_OPTIMIZATION_LEVEL = "-O";
			};
			name = Release;
		};
		7F5CD26B251D0AC2009D31BE /* Debug */ = {
			isa = XCBuildConfiguration;
			buildSettings = {
				ASSETCATALOG_COMPILER_APPICON_NAME = AppIcon;
				ASSETCATALOG_COMPILER_GLOBAL_ACCENT_COLOR_NAME = AccentColor;
				CODE_SIGN_STYLE = Automatic;
				DEVELOPMENT_TEAM = 63AJC847ZW;
				ENABLE_PREVIEWS = YES;
				INFOPLIST_FILE = iOS/Info.plist;
				IPHONEOS_DEPLOYMENT_TARGET = 14.0;
				LD_RUNPATH_SEARCH_PATHS = (
					"$(inherited)",
					"@executable_path/Frameworks",
				);
				PRODUCT_BUNDLE_IDENTIFIER = mx.landercorp.news;
				PRODUCT_NAME = news;
				SDKROOT = iphoneos;
				SWIFT_VERSION = 5.0;
				TARGETED_DEVICE_FAMILY = "1,2";
			};
			name = Debug;
		};
		7F5CD26C251D0AC2009D31BE /* Release */ = {
			isa = XCBuildConfiguration;
			buildSettings = {
				ASSETCATALOG_COMPILER_APPICON_NAME = AppIcon;
				ASSETCATALOG_COMPILER_GLOBAL_ACCENT_COLOR_NAME = AccentColor;
				CODE_SIGN_STYLE = Automatic;
				DEVELOPMENT_TEAM = 63AJC847ZW;
				ENABLE_PREVIEWS = YES;
				INFOPLIST_FILE = iOS/Info.plist;
				IPHONEOS_DEPLOYMENT_TARGET = 14.0;
				LD_RUNPATH_SEARCH_PATHS = (
					"$(inherited)",
					"@executable_path/Frameworks",
				);
				PRODUCT_BUNDLE_IDENTIFIER = mx.landercorp.news;
				PRODUCT_NAME = news;
				SDKROOT = iphoneos;
				SWIFT_VERSION = 5.0;
				TARGETED_DEVICE_FAMILY = "1,2";
				VALIDATE_PRODUCT = YES;
			};
			name = Release;
		};
		7F5CD26E251D0AC2009D31BE /* Debug */ = {
			isa = XCBuildConfiguration;
			buildSettings = {
				ASSETCATALOG_COMPILER_APPICON_NAME = AppIcon;
				ASSETCATALOG_COMPILER_GLOBAL_ACCENT_COLOR_NAME = AccentColor;
				CODE_SIGN_ENTITLEMENTS = macOS/macOS.entitlements;
				CODE_SIGN_STYLE = Automatic;
				COMBINE_HIDPI_IMAGES = YES;
				DEVELOPMENT_TEAM = 63AJC847ZW;
				ENABLE_HARDENED_RUNTIME = YES;
				ENABLE_PREVIEWS = YES;
				INFOPLIST_FILE = macOS/Info.plist;
				LD_RUNPATH_SEARCH_PATHS = (
					"$(inherited)",
					"@executable_path/../Frameworks",
				);
				MACOSX_DEPLOYMENT_TARGET = 11.0;
				PRODUCT_BUNDLE_IDENTIFIER = mx.landercorp.news;
				PRODUCT_NAME = news;
				SDKROOT = macosx;
				SWIFT_VERSION = 5.0;
			};
			name = Debug;
		};
		7F5CD26F251D0AC2009D31BE /* Release */ = {
			isa = XCBuildConfiguration;
			buildSettings = {
				ASSETCATALOG_COMPILER_APPICON_NAME = AppIcon;
				ASSETCATALOG_COMPILER_GLOBAL_ACCENT_COLOR_NAME = AccentColor;
				CODE_SIGN_ENTITLEMENTS = macOS/macOS.entitlements;
				CODE_SIGN_STYLE = Automatic;
				COMBINE_HIDPI_IMAGES = YES;
				DEVELOPMENT_TEAM = 63AJC847ZW;
				ENABLE_HARDENED_RUNTIME = YES;
				ENABLE_PREVIEWS = YES;
				INFOPLIST_FILE = macOS/Info.plist;
				LD_RUNPATH_SEARCH_PATHS = (
					"$(inherited)",
					"@executable_path/../Frameworks",
				);
				MACOSX_DEPLOYMENT_TARGET = 11.0;
				PRODUCT_BUNDLE_IDENTIFIER = mx.landercorp.news;
				PRODUCT_NAME = news;
				SDKROOT = macosx;
				SWIFT_VERSION = 5.0;
			};
			name = Release;
		};
/* End XCBuildConfiguration section */

/* Begin XCConfigurationList section */
		7F5CD24D251D0AB8009D31BE /* Build configuration list for PBXProject "news" */ = {
			isa = XCConfigurationList;
			buildConfigurations = (
				7F5CD268251D0AC2009D31BE /* Debug */,
				7F5CD269251D0AC2009D31BE /* Release */,
			);
			defaultConfigurationIsVisible = 0;
			defaultConfigurationName = Release;
		};
		7F5CD26A251D0AC2009D31BE /* Build configuration list for PBXNativeTarget "news (iOS)" */ = {
			isa = XCConfigurationList;
			buildConfigurations = (
				7F5CD26B251D0AC2009D31BE /* Debug */,
				7F5CD26C251D0AC2009D31BE /* Release */,
			);
			defaultConfigurationIsVisible = 0;
			defaultConfigurationName = Release;
		};
		7F5CD26D251D0AC2009D31BE /* Build configuration list for PBXNativeTarget "news (macOS)" */ = {
			isa = XCConfigurationList;
			buildConfigurations = (
				7F5CD26E251D0AC2009D31BE /* Debug */,
				7F5CD26F251D0AC2009D31BE /* Release */,
			);
			defaultConfigurationIsVisible = 0;
			defaultConfigurationName = Release;
		};
/* End XCConfigurationList section */
	};
	rootObject = 7F5CD24A251D0AB8009D31BE /* Project object */;
}
